
Microsoft Visual Studio Solution File, Format Version 12.00
# Visual Studio Version 17
VisualStudioVersion = 17.8.34408.163
MinimumVisualStudioVersion = 10.0.40219.1
Project("{FAE04EC0-301F-11D3-BF4B-00C04F79EFBC}") = "GAGitHubBasics_NicholasIngles", "GAGitHubBasics_NicholasIngles\GAGitHubBasics_NicholasIngles.csproj", "{A773CE3F-20E2-49C2-AFC4-F1A8E05C0E7D}"
EndProject
Global
	GlobalSection(SolutionConfigurationPlatforms) = preSolution
		Debug|Any CPU = Debug|Any CPU
		Release|Any CPU = Release|Any CPU
	EndGlobalSection
	GlobalSection(ProjectConfigurationPlatforms) = postSolution
		{A773CE3F-20E2-49C2-AFC4-F1A8E05C0E7D}.Debug|Any CPU.ActiveCfg = Debug|Any CPU
		{A773CE3F-20E2-49C2-AFC4-F1A8E05C0E7D}.Debug|Any CPU.Build.0 = Debug|Any CPU
		{A773CE3F-20E2-49C2-AFC4-F1A8E05C0E7D}.Release|Any CPU.ActiveCfg = Release|Any CPU
		{A773CE3F-20E2-49C2-AFC4-F1A8E05C0E7D}.Release|Any CPU.Build.0 = Release|Any CPU
	EndGlobalSection
	GlobalSection(SolutionProperties) = preSolution
		HideSolutionNode = FALSE
	EndGlobalSection
	GlobalSection(ExtensibilityGlobals) = postSolution
		SolutionGuid = {1A405948-A852-4030-80D6-CDE8B5B0B9EF}
	EndGlobalSection
EndGlobal
